
Microsoft Visual Studio Solution File, Format Version 12.00
# Visual Studio Version 16
VisualStudioVersion = 16.0.31105.61
MinimumVisualStudioVersion = 10.0.40219.1
Project("{9A19103F-16F7-4668-BE54-9A1E7A4F7556}") = "Streamish", "Streamish\Streamish.csproj", "{3E9CDDFB-FA0B-4078-84CE-D0BC3CFA1222}"
EndProject
Project("{FAE04EC0-301F-11D3-BF4B-00C04F79EFBC}") = "Streamish.Tests", "Streamish.Tests\Streamish.Tests.csproj", "{72010FDE-99F9-4C38-931B-80779BED52AB}"
EndProject
Global
	GlobalSection(SolutionConfigurationPlatforms) = preSolution
		Debug|Any CPU = Debug|Any CPU
		Release|Any CPU = Release|Any CPU
	EndGlobalSection
	GlobalSection(ProjectConfigurationPlatforms) = postSolution
		{3E9CDDFB-FA0B-4078-84CE-D0BC3CFA1222}.Debug|Any CPU.ActiveCfg = Debug|Any CPU
		{3E9CDDFB-FA0B-4078-84CE-D0BC3CFA1222}.Debug|Any CPU.Build.0 = Debug|Any CPU
		{3E9CDDFB-FA0B-4078-84CE-D0BC3CFA1222}.Release|Any CPU.ActiveCfg = Release|Any CPU
		{3E9CDDFB-FA0B-4078-84CE-D0BC3CFA1222}.Release|Any CPU.Build.0 = Release|Any CPU
		{72010FDE-99F9-4C38-931B-80779BED52AB}.Debug|Any CPU.ActiveCfg = Debug|Any CPU
		{72010FDE-99F9-4C38-931B-80779BED52AB}.Debug|Any CPU.Build.0 = Debug|Any CPU
		{72010FDE-99F9-4C38-931B-80779BED52AB}.Release|Any CPU.ActiveCfg = Release|Any CPU
		{72010FDE-99F9-4C38-931B-80779BED52AB}.Release|Any CPU.Build.0 = Release|Any CPU
	EndGlobalSection
	GlobalSection(SolutionProperties) = preSolution
		HideSolutionNode = FALSE
	EndGlobalSection
	GlobalSection(ExtensibilityGlobals) = postSolution
		SolutionGuid = {4F9569C8-65D4-4235-A16A-C26CE12D9182}
	EndGlobalSection
EndGlobal
